
Microsoft Visual Studio Solution File, Format Version 12.00
# Visual Studio Version 16
VisualStudioVersion = 16.0.31702.278
MinimumVisualStudioVersion = 10.0.40219.1
Project("{FAE04EC0-301F-11D3-BF4B-00C04F79EFBC}") = "FPTBOOK(1670)", "FPTBOOK(1670)\FPTBOOK(1670).csproj", "{38C2C4FD-512E-4F43-A4FF-237FB543AF39}"
EndProject
Global
	GlobalSection(SolutionConfigurationPlatforms) = preSolution
		Debug|Any CPU = Debug|Any CPU
		Release|Any CPU = Release|Any CPU
	EndGlobalSection
	GlobalSection(ProjectConfigurationPlatforms) = postSolution
		{38C2C4FD-512E-4F43-A4FF-237FB543AF39}.Debug|Any CPU.ActiveCfg = Debug|Any CPU
		{38C2C4FD-512E-4F43-A4FF-237FB543AF39}.Debug|Any CPU.Build.0 = Debug|Any CPU
		{38C2C4FD-512E-4F43-A4FF-237FB543AF39}.Release|Any CPU.ActiveCfg = Release|Any CPU
		{38C2C4FD-512E-4F43-A4FF-237FB543AF39}.Release|Any CPU.Build.0 = Release|Any CPU
	EndGlobalSection
	GlobalSection(SolutionProperties) = preSolution
		HideSolutionNode = FALSE
	EndGlobalSection
	GlobalSection(ExtensibilityGlobals) = postSolution
		SolutionGuid = {64AD2DB6-A251-4258-966E-6E1BB41E60DF}
	EndGlobalSection
EndGlobal
